
Microsoft Visual Studio Solution File, Format Version 12.00
# Visual Studio Version 16
VisualStudioVersion = 16.0.31019.35
MinimumVisualStudioVersion = 10.0.40219.1
Project("{FAE04EC0-301F-11D3-BF4B-00C04F79EFBC}") = "MovieWatchList", "MovieWatchList\MovieWatchList.csproj", "{2FC0361C-4980-4650-B7D5-C0D19AEAE9A7}"
EndProject
Global
	GlobalSection(SolutionConfigurationPlatforms) = preSolution
		Debug|Any CPU = Debug|Any CPU
		Release|Any CPU = Release|Any CPU
	EndGlobalSection
	GlobalSection(ProjectConfigurationPlatforms) = postSolution
		{2FC0361C-4980-4650-B7D5-C0D19AEAE9A7}.Debug|Any CPU.ActiveCfg = Debug|Any CPU
		{2FC0361C-4980-4650-B7D5-C0D19AEAE9A7}.Debug|Any CPU.Build.0 = Debug|Any CPU
		{2FC0361C-4980-4650-B7D5-C0D19AEAE9A7}.Release|Any CPU.ActiveCfg = Release|Any CPU
		{2FC0361C-4980-4650-B7D5-C0D19AEAE9A7}.Release|Any CPU.Build.0 = Release|Any CPU
	EndGlobalSection
	GlobalSection(SolutionProperties) = preSolution
		HideSolutionNode = FALSE
	EndGlobalSection
	GlobalSection(ExtensibilityGlobals) = postSolution
		SolutionGuid = {02470CFF-00BE-4483-943C-6B5483A1B0F7}
	EndGlobalSection
EndGlobal
